// !$*UTF8*$!
{
	archiveVersion = 1;
	classes = {
	};
	objectVersion = 77;
	objects = {

/* Begin PBXBuildFile section */
		660139BF2EB954F100E103AC /* PhotosTests.swift in Sources */ = {isa = PBXBuildFile; fileRef = 660139BD2EB954F100E103AC /* PhotosTests.swift */; };
		66013A352EB95CA300E103AC /* PhotoListViewModelTests.swift in Sources */ = {isa = PBXBuildFile; fileRef = 66013A2D2EB95CA300E103AC /* PhotoListViewModelTests.swift */; };
		66013A362EB95CA300E103AC /* PhotoModelTests.swift in Sources */ = {isa = PBXBuildFile; fileRef = 66013A2E2EB95CA300E103AC /* PhotoModelTests.swift */; };
		66013A372EB95CA300E103AC /* PhotoUseCaseTests.swift in Sources */ = {isa = PBXBuildFile; fileRef = 66013A332EB95CA300E103AC /* PhotoUseCaseTests.swift */; };
		66013A382EB95CA300E103AC /* PhotoJSONTests.swift in Sources */ = {isa = PBXBuildFile; fileRef = 66013A2C2EB95CA300E103AC /* PhotoJSONTests.swift */; };
		66013A3A2EB95CA300E103AC /* PhotoRepositoryTests.swift in Sources */ = {isa = PBXBuildFile; fileRef = 66013A2F2EB95CA300E103AC /* PhotoRepositoryTests.swift */; };
		66013A442EBA573E00E103AC /* PhotoDetailViewModelTests.swift in Sources */ = {isa = PBXBuildFile; fileRef = 66013A432EBA573E00E103AC /* PhotoDetailViewModelTests.swift */; };
		66NUKE0012EB95CA300E103AC /* Nuke in Frameworks */ = {isa = PBXBuildFile; productRef = 66NUKE0011EB95CA300E103AC /* Nuke */; };
		66NUKE0022EB95CA300E103AC /* NukeUI in Frameworks */ = {isa = PBXBuildFile; productRef = 66NUKE0021EB95CA300E103AC /* NukeUI */; };
/* End PBXBuildFile section */

/* Begin PBXContainerItemProxy section */
		6601389E2EB3F76800E103AC /* PBXContainerItemProxy */ = {
			isa = PBXContainerItemProxy;
			containerPortal = 660138882EB3F76600E103AC /* Project object */;
			proxyType = 1;
			remoteGlobalIDString = 6601388F2EB3F76600E103AC;
			remoteInfo = Cats;
		};
/* End PBXContainerItemProxy section */

/* Begin PBXFileReference section */
		660138902EB3F76600E103AC /* Photos.app */ = {isa = PBXFileReference; explicitFileType = wrapper.application; includeInIndex = 0; path = Photos.app; sourceTree = BUILT_PRODUCTS_DIR; };
		6601389D2EB3F76800E103AC /* PhotosTests.xctest */ = {isa = PBXFileReference; explicitFileType = wrapper.cfbundle; includeInIndex = 0; path = PhotosTests.xctest; sourceTree = BUILT_PRODUCTS_DIR; };
		660139BD2EB954F100E103AC /* PhotosTests.swift */ = {isa = PBXFileReference; lastKnownFileType = sourcecode.swift; path = PhotosTests.swift; sourceTree = "<group>"; };
		66013A2C2EB95CA300E103AC /* PhotoJSONTests.swift */ = {isa = PBXFileReference; lastKnownFileType = sourcecode.swift; path = PhotoJSONTests.swift; sourceTree = "<group>"; };
		66013A2D2EB95CA300E103AC /* PhotoListViewModelTests.swift */ = {isa = PBXFileReference; lastKnownFileType = sourcecode.swift; path = PhotoListViewModelTests.swift; sourceTree = "<group>"; };
		66013A2E2EB95CA300E103AC /* PhotoModelTests.swift */ = {isa = PBXFileReference; lastKnownFileType = sourcecode.swift; path = PhotoModelTests.swift; sourceTree = "<group>"; };
		66013A2F2EB95CA300E103AC /* PhotoRepositoryTests.swift */ = {isa = PBXFileReference; lastKnownFileType = sourcecode.swift; path = PhotoRepositoryTests.swift; sourceTree = "<group>"; };
		66013A332EB95CA300E103AC /* PhotoUseCaseTests.swift */ = {isa = PBXFileReference; lastKnownFileType = sourcecode.swift; path = PhotoUseCaseTests.swift; sourceTree = "<group>"; };
		66013A432EBA573E00E103AC /* PhotoDetailViewModelTests.swift */ = {isa = PBXFileReference; lastKnownFileType = sourcecode.swift; path = PhotoDetailViewModelTests.swift; sourceTree = "<group>"; };
/* End PBXFileReference section */

/* Begin PBXFileSystemSynchronizedRootGroup section */
		660138922EB3F76600E103AC /* Photos */ = {
			isa = PBXFileSystemSynchronizedRootGroup;
			path = Photos;
			sourceTree = "<group>";
		};
/* End PBXFileSystemSynchronizedRootGroup section */

/* Begin PBXFrameworksBuildPhase section */
		6601388D2EB3F76600E103AC /* Frameworks */ = {
			isa = PBXFrameworksBuildPhase;
			buildActionMask = 2147483647;
			files = (
				66NUKE0012EB95CA300E103AC /* Nuke in Frameworks */,
				66NUKE0022EB95CA300E103AC /* NukeUI in Frameworks */,
			);
			runOnlyForDeploymentPostprocessing = 0;
		};
		6601389A2EB3F76800E103AC /* Frameworks */ = {
			isa = PBXFrameworksBuildPhase;
			buildActionMask = 2147483647;
			files = (
			);
			runOnlyForDeploymentPostprocessing = 0;
		};
/* End PBXFrameworksBuildPhase section */

/* Begin PBXGroup section */
		660138872EB3F76600E103AC = {
			isa = PBXGroup;
			children = (
				660138922EB3F76600E103AC /* Photos */,
				660139BE2EB954F100E103AC /* PhotosTests */,
				660138912EB3F76600E103AC /* Products */,
			);
			sourceTree = "<group>";
		};
		660138912EB3F76600E103AC /* Products */ = {
			isa = PBXGroup;
			children = (
				660138902EB3F76600E103AC /* Photos.app */,
				6601389D2EB3F76800E103AC /* PhotosTests.xctest */,
			);
			name = Products;
			sourceTree = "<group>";
		};
		660139B82EB954F100E103AC /* Repositories */ = {
			isa = PBXGroup;
			children = (
			);
			path = Repositories;
			sourceTree = "<group>";
		};
		660139B92EB954F100E103AC /* Data */ = {
			isa = PBXGroup;
			children = (
				660139B82EB954F100E103AC /* Repositories */,
			);
			path = Data;
			sourceTree = "<group>";
		};
		660139BA2EB954F100E103AC /* UseCases */ = {
			isa = PBXGroup;
			children = (
			);
			path = UseCases;
			sourceTree = "<group>";
		};
		660139BB2EB954F100E103AC /* Domain */ = {
			isa = PBXGroup;
			children = (
				660139BA2EB954F100E103AC /* UseCases */,
			);
			path = Domain;
			sourceTree = "<group>";
		};
		660139BC2EB954F100E103AC /* UI */ = {
			isa = PBXGroup;
			children = (
			);
			path = UI;
			sourceTree = "<group>";
		};
		660139BE2EB954F100E103AC /* PhotosTests */ = {
			isa = PBXGroup;
			children = (
				66013A292EB95CA300E103AC /* Data */,
				66013A2B2EB95CA300E103AC /* Domain */,
				66013A2C2EB95CA300E103AC /* PhotoJSONTests.swift */,
				66013A2D2EB95CA300E103AC /* PhotoListViewModelTests.swift */,
				66013A2E2EB95CA300E103AC /* PhotoModelTests.swift */,
				66013A2F2EB95CA300E103AC /* PhotoRepositoryTests.swift */,
				66013A332EB95CA300E103AC /* PhotoUseCaseTests.swift */,
				66013A342EB95CA300E103AC /* UI */,
				660139B92EB954F100E103AC /* Data */,
				660139BB2EB954F100E103AC /* Domain */,
				660139BC2EB954F100E103AC /* UI */,
				660139BD2EB954F100E103AC /* PhotosTests.swift */,
			);
			path = PhotosTests;
			sourceTree = "<group>";
		};
		66013A282EB95CA300E103AC /* Repositories */ = {
			isa = PBXGroup;
			children = (
			);
			path = Repositories;
			sourceTree = "<group>";
		};
		66013A292EB95CA300E103AC /* Data */ = {
			isa = PBXGroup;
			children = (
				66013A282EB95CA300E103AC /* Repositories */,
			);
			path = Data;
			sourceTree = "<group>";
		};
		66013A2A2EB95CA300E103AC /* UseCases */ = {
			isa = PBXGroup;
			children = (
			);
			path = UseCases;
			sourceTree = "<group>";
		};
		66013A2B2EB95CA300E103AC /* Domain */ = {
			isa = PBXGroup;
			children = (
				66013A2A2EB95CA300E103AC /* UseCases */,
			);
			path = Domain;
			sourceTree = "<group>";
		};
		66013A342EB95CA300E103AC /* UI */ = {
			isa = PBXGroup;
			children = (
				66013A432EBA573E00E103AC /* PhotoDetailViewModelTests.swift */,
			);
			path = UI;
			sourceTree = "<group>";
		};
/* End PBXGroup section */

/* Begin PBXNativeTarget section */
		6601388F2EB3F76600E103AC /* Photos */ = {
			isa = PBXNativeTarget;
			buildConfigurationList = 660138B12EB3F76800E103AC /* Build configuration list for PBXNativeTarget "Photos" */;
			buildPhases = (
				6601388C2EB3F76600E103AC /* Sources */,
				6601388D2EB3F76600E103AC /* Frameworks */,
				6601388E2EB3F76600E103AC /* Resources */,
			);
			buildRules = (
			);
			dependencies = (
			);
			fileSystemSynchronizedGroups = (
				660138922EB3F76600E103AC /* Photos */,
			);
			name = Photos;
			packageProductDependencies = (
				66NUKE0011EB95CA300E103AC /* Nuke */,
				66NUKE0021EB95CA300E103AC /* NukeUI */,
			);
			productName = Cats;
			productReference = 660138902EB3F76600E103AC /* Photos.app */;
			productType = "com.apple.product-type.application";
		};
		6601389C2EB3F76800E103AC /* PhotosTests */ = {
			isa = PBXNativeTarget;
			buildConfigurationList = 660138B42EB3F76800E103AC /* Build configuration list for PBXNativeTarget "PhotosTests" */;
			buildPhases = (
				660138992EB3F76800E103AC /* Sources */,
				6601389A2EB3F76800E103AC /* Frameworks */,
				6601389B2EB3F76800E103AC /* Resources */,
			);
			buildRules = (
			);
			dependencies = (
				6601389F2EB3F76800E103AC /* PBXTargetDependency */,
			);
			name = PhotosTests;
			packageProductDependencies = (
			);
			productName = CatsTests;
			productReference = 6601389D2EB3F76800E103AC /* PhotosTests.xctest */;
			productType = "com.apple.product-type.bundle.unit-test";
		};
/* End PBXNativeTarget section */

/* Begin PBXProject section */
		660138882EB3F76600E103AC /* Project object */ = {
			isa = PBXProject;
			attributes = {
				BuildIndependentTargetsInParallel = 1;
				LastSwiftUpdateCheck = 2600;
				LastUpgradeCheck = 2600;
				TargetAttributes = {
					6601388F2EB3F76600E103AC = {
						CreatedOnToolsVersion = 26.0.1;
					};
					6601389C2EB3F76800E103AC = {
						CreatedOnToolsVersion = 26.0.1;
						TestTargetID = 6601388F2EB3F76600E103AC;
					};
				};
			};
			buildConfigurationList = 6601388B2EB3F76600E103AC /* Build configuration list for PBXProject "Photos" */;
			developmentRegion = en;
			hasScannedForEncodings = 0;
			knownRegions = (
				en,
				Base,
			);
			mainGroup = 660138872EB3F76600E103AC;
			minimizedProjectReferenceProxies = 1;
			packageReferences = (
				66NUKE0001EB95CA300E103AC /* XCRemoteSwiftPackageReference "Nuke" */,
			);
			preferredProjectObjectVersion = 77;
			productRefGroup = 660138912EB3F76600E103AC /* Products */;
			projectDirPath = "";
			projectRoot = "";
			targets = (
				6601388F2EB3F76600E103AC /* Photos */,
				6601389C2EB3F76800E103AC /* PhotosTests */,
			);
		};
/* End PBXProject section */

/* Begin PBXResourcesBuildPhase section */
		6601388E2EB3F76600E103AC /* Resources */ = {
			isa = PBXResourcesBuildPhase;
			buildActionMask = 2147483647;
			files = (
			);
			runOnlyForDeploymentPostprocessing = 0;
		};
		6601389B2EB3F76800E103AC /* Resources */ = {
			isa = PBXResourcesBuildPhase;
			buildActionMask = 2147483647;
			files = (
			);
			runOnlyForDeploymentPostprocessing = 0;
		};
/* End PBXResourcesBuildPhase section */

/* Begin PBXSourcesBuildPhase section */
		6601388C2EB3F76600E103AC /* Sources */ = {
			isa = PBXSourcesBuildPhase;
			buildActionMask = 2147483647;
			files = (
			);
			runOnlyForDeploymentPostprocessing = 0;
		};
		660138992EB3F76800E103AC /* Sources */ = {
			isa = PBXSourcesBuildPhase;
			buildActionMask = 2147483647;
			files = (
				66013A352EB95CA300E103AC /* PhotoListViewModelTests.swift in Sources */,
				66013A362EB95CA300E103AC /* PhotoModelTests.swift in Sources */,
				66013A372EB95CA300E103AC /* PhotoUseCaseTests.swift in Sources */,
				66013A382EB95CA300E103AC /* PhotoJSONTests.swift in Sources */,
				66013A3A2EB95CA300E103AC /* PhotoRepositoryTests.swift in Sources */,
				66013A442EBA573E00E103AC /* PhotoDetailViewModelTests.swift in Sources */,
				660139BF2EB954F100E103AC /* PhotosTests.swift in Sources */,
			);
			runOnlyForDeploymentPostprocessing = 0;
		};
/* End PBXSourcesBuildPhase section */

/* Begin PBXTargetDependency section */
		6601389F2EB3F76800E103AC /* PBXTargetDependency */ = {
			isa = PBXTargetDependency;
			target = 6601388F2EB3F76600E103AC /* Photos */;
			targetProxy = 6601389E2EB3F76800E103AC /* PBXContainerItemProxy */;
		};
/* End PBXTargetDependency section */

/* Begin XCBuildConfiguration section */
		660138AF2EB3F76800E103AC /* Debug */ = {
			isa = XCBuildConfiguration;
			buildSettings = {
				ALWAYS_SEARCH_USER_PATHS = NO;
				ASSETCATALOG_COMPILER_GENERATE_SWIFT_ASSET_SYMBOL_EXTENSIONS = YES;
				CLANG_ANALYZER_NONNULL = YES;
				CLANG_ANALYZER_NUMBER_OBJECT_CONVERSION = YES_AGGRESSIVE;
				CLANG_CXX_LANGUAGE_STANDARD = "gnu++20";
				CLANG_ENABLE_MODULES = YES;
				CLANG_ENABLE_OBJC_ARC = YES;
				CLANG_ENABLE_OBJC_WEAK = YES;
				CLANG_WARN_BLOCK_CAPTURE_AUTORELEASING = YES;
				CLANG_WARN_BOOL_CONVERSION = YES;
				CLANG_WARN_COMMA = YES;
				CLANG_WARN_CONSTANT_CONVERSION = YES;
				CLANG_WARN_DEPRECATED_OBJC_IMPLEMENTATIONS = YES;
				CLANG_WARN_DIRECT_OBJC_ISA_USAGE = YES_ERROR;
				CLANG_WARN_DOCUMENTATION_COMMENTS = YES;
				CLANG_WARN_EMPTY_BODY = YES;
				CLANG_WARN_ENUM_CONVERSION = YES;
				CLANG_WARN_INFINITE_RECURSION = YES;
				CLANG_WARN_INT_CONVERSION = YES;
				CLANG_WARN_NON_LITERAL_NULL_CONVERSION = YES;
				CLANG_WARN_OBJC_IMPLICIT_RETAIN_SELF = YES;
				CLANG_WARN_OBJC_LITERAL_CONVERSION = YES;
				CLANG_WARN_OBJC_ROOT_CLASS = YES_ERROR;
				CLANG_WARN_QUOTED_INCLUDE_IN_FRAMEWORK_HEADER = YES;
				CLANG_WARN_RANGE_LOOP_ANALYSIS = YES;
				CLANG_WARN_STRICT_PROTOTYPES = YES;
				CLANG_WARN_SUSPICIOUS_MOVE = YES;
				CLANG_WARN_UNGUARDED_AVAILABILITY = YES_AGGRESSIVE;
				CLANG_WARN_UNREACHABLE_CODE = YES;
				CLANG_WARN__DUPLICATE_METHOD_MATCH = YES;
				COPY_PHASE_STRIP = NO;
				DEBUG_INFORMATION_FORMAT = dwarf;
				DEVELOPMENT_TEAM = YZKC8G97RB;
				ENABLE_STRICT_OBJC_MSGSEND = YES;
				ENABLE_TESTABILITY = YES;
				ENABLE_USER_SCRIPT_SANDBOXING = YES;
				GCC_C_LANGUAGE_STANDARD = gnu17;
				GCC_DYNAMIC_NO_PIC = NO;
				GCC_NO_COMMON_BLOCKS = YES;
				GCC_OPTIMIZATION_LEVEL = 0;
				GCC_PREPROCESSOR_DEFINITIONS = (
					"DEBUG=1",
					"$(inherited)",
				);
				GCC_WARN_64_TO_32_BIT_CONVERSION = YES;
				GCC_WARN_ABOUT_RETURN_TYPE = YES_ERROR;
				GCC_WARN_UNDECLARED_SELECTOR = YES;
				GCC_WARN_UNINITIALIZED_AUTOS = YES_AGGRESSIVE;
				GCC_WARN_UNUSED_FUNCTION = YES;
				GCC_WARN_UNUSED_VARIABLE = YES;
				IPHONEOS_DEPLOYMENT_TARGET = 26.0;
				LOCALIZATION_PREFERS_STRING_CATALOGS = YES;
				MTL_ENABLE_DEBUG_INFO = INCLUDE_SOURCE;
				MTL_FAST_MATH = YES;
				ONLY_ACTIVE_ARCH = YES;
				SDKROOT = iphoneos;
				SWIFT_ACTIVE_COMPILATION_CONDITIONS = "DEBUG $(inherited)";
				SWIFT_OPTIMIZATION_LEVEL = "-Onone";
			};
			name = Debug;
		};
		660138B02EB3F76800E103AC /* Release */ = {
			isa = XCBuildConfiguration;
			buildSettings = {
				ALWAYS_SEARCH_USER_PATHS = NO;
				ASSETCATALOG_COMPILER_GENERATE_SWIFT_ASSET_SYMBOL_EXTENSIONS = YES;
				CLANG_ANALYZER_NONNULL = YES;
				CLANG_ANALYZER_NUMBER_OBJECT_CONVERSION = YES_AGGRESSIVE;
				CLANG_CXX_LANGUAGE_STANDARD = "gnu++20";
				CLANG_ENABLE_MODULES = YES;
				CLANG_ENABLE_OBJC_ARC = YES;
				CLANG_ENABLE_OBJC_WEAK = YES;
				CLANG_WARN_BLOCK_CAPTURE_AUTORELEASING = YES;
				CLANG_WARN_BOOL_CONVERSION = YES;
				CLANG_WARN_COMMA = YES;
				CLANG_WARN_CONSTANT_CONVERSION = YES;
				CLANG_WARN_DEPRECATED_OBJC_IMPLEMENTATIONS = YES;
				CLANG_WARN_DIRECT_OBJC_ISA_USAGE = YES_ERROR;
				CLANG_WARN_DOCUMENTATION_COMMENTS = YES;
				CLANG_WARN_EMPTY_BODY = YES;
				CLANG_WARN_ENUM_CONVERSION = YES;
				CLANG_WARN_INFINITE_RECURSION = YES;
				CLANG_WARN_INT_CONVERSION = YES;
				CLANG_WARN_NON_LITERAL_NULL_CONVERSION = YES;
				CLANG_WARN_OBJC_IMPLICIT_RETAIN_SELF = YES;
				CLANG_WARN_OBJC_LITERAL_CONVERSION = YES;
				CLANG_WARN_OBJC_ROOT_CLASS = YES_ERROR;
				CLANG_WARN_QUOTED_INCLUDE_IN_FRAMEWORK_HEADER = YES;
				CLANG_WARN_RANGE_LOOP_ANALYSIS = YES;
				CLANG_WARN_STRICT_PROTOTYPES = YES;
				CLANG_WARN_SUSPICIOUS_MOVE = YES;
				CLANG_WARN_UNGUARDED_AVAILABILITY = YES_AGGRESSIVE;
				CLANG_WARN_UNREACHABLE_CODE = YES;
				CLANG_WARN__DUPLICATE_METHOD_MATCH = YES;
				COPY_PHASE_STRIP = NO;
				DEBUG_INFORMATION_FORMAT = "dwarf-with-dsym";
				DEVELOPMENT_TEAM = YZKC8G97RB;
				ENABLE_NS_ASSERTIONS = NO;
				ENABLE_STRICT_OBJC_MSGSEND = YES;
				ENABLE_USER_SCRIPT_SANDBOXING = YES;
				GCC_C_LANGUAGE_STANDARD = gnu17;
				GCC_NO_COMMON_BLOCKS = YES;
				GCC_WARN_64_TO_32_BIT_CONVERSION = YES;
				GCC_WARN_ABOUT_RETURN_TYPE = YES_ERROR;
				GCC_WARN_UNDECLARED_SELECTOR = YES;
				GCC_WARN_UNINITIALIZED_AUTOS = YES_AGGRESSIVE;
				GCC_WARN_UNUSED_FUNCTION = YES;
				GCC_WARN_UNUSED_VARIABLE = YES;
				IPHONEOS_DEPLOYMENT_TARGET = 26.0;
				LOCALIZATION_PREFERS_STRING_CATALOGS = YES;
				MTL_ENABLE_DEBUG_INFO = NO;
				MTL_FAST_MATH = YES;
				SDKROOT = iphoneos;
				SWIFT_COMPILATION_MODE = wholemodule;
				VALIDATE_PRODUCT = YES;
			};
			name = Release;
		};
		660138B22EB3F76800E103AC /* Debug */ = {
			isa = XCBuildConfiguration;
			buildSettings = {
				ASSETCATALOG_COMPILER_APPICON_NAME = AppIcon;
				ASSETCATALOG_COMPILER_GLOBAL_ACCENT_COLOR_NAME = AccentColor;
				CODE_SIGN_STYLE = Automatic;
				CURRENT_PROJECT_VERSION = 1;
				DEVELOPMENT_TEAM = YZKC8G97RB;
				ENABLE_PREVIEWS = YES;
				GENERATE_INFOPLIST_FILE = YES;
				INFOPLIST_KEY_UIApplicationSceneManifest_Generation = YES;
				INFOPLIST_KEY_UIApplicationSupportsIndirectInputEvents = YES;
				INFOPLIST_KEY_UILaunchScreen_Generation = YES;
				INFOPLIST_KEY_UISupportedInterfaceOrientations_iPad = "UIInterfaceOrientationPortrait UIInterfaceOrientationPortraitUpsideDown UIInterfaceOrientationLandscapeLeft UIInterfaceOrientationLandscapeRight";
				INFOPLIST_KEY_UISupportedInterfaceOrientations_iPhone = "UIInterfaceOrientationPortrait UIInterfaceOrientationLandscapeLeft UIInterfaceOrientationLandscapeRight";
				LD_RUNPATH_SEARCH_PATHS = (
					"$(inherited)",
					"@executable_path/Frameworks",
				);
				MARKETING_VERSION = 1.0;
				PRODUCT_BUNDLE_IDENTIFIER = com.adamtoennis.Photos;
				PRODUCT_NAME = "$(TARGET_NAME)";
				STRING_CATALOG_GENERATE_SYMBOLS = YES;
				SWIFT_APPROACHABLE_CONCURRENCY = YES;
				SWIFT_DEFAULT_ACTOR_ISOLATION = nonisolated;
				SWIFT_EMIT_LOC_STRINGS = YES;
				SWIFT_STRICT_CONCURRENCY = complete;
				SWIFT_UPCOMING_FEATURE_MEMBER_IMPORT_VISIBILITY = YES;
				SWIFT_VERSION = 5.0;
				TARGETED_DEVICE_FAMILY = "1,2";
			};
			name = Debug;
		};
		660138B32EB3F76800E103AC /* Release */ = {
			isa = XCBuildConfiguration;
			buildSettings = {
				ASSETCATALOG_COMPILER_APPICON_NAME = AppIcon;
				ASSETCATALOG_COMPILER_GLOBAL_ACCENT_COLOR_NAME = AccentColor;
				CODE_SIGN_STYLE = Automatic;
				CURRENT_PROJECT_VERSION = 1;
				DEVELOPMENT_TEAM = YZKC8G97RB;
				ENABLE_PREVIEWS = YES;
				GENERATE_INFOPLIST_FILE = YES;
				INFOPLIST_KEY_UIApplicationSceneManifest_Generation = YES;
				INFOPLIST_KEY_UIApplicationSupportsIndirectInputEvents = YES;
				INFOPLIST_KEY_UILaunchScreen_Generation = YES;
				INFOPLIST_KEY_UISupportedInterfaceOrientations_iPad = "UIInterfaceOrientationPortrait UIInterfaceOrientationPortraitUpsideDown UIInterfaceOrientationLandscapeLeft UIInterfaceOrientationLandscapeRight";
				INFOPLIST_KEY_UISupportedInterfaceOrientations_iPhone = "UIInterfaceOrientationPortrait UIInterfaceOrientationLandscapeLeft UIInterfaceOrientationLandscapeRight";
				LD_RUNPATH_SEARCH_PATHS = (
					"$(inherited)",
					"@executable_path/Frameworks",
				);
				MARKETING_VERSION = 1.0;
				PRODUCT_BUNDLE_IDENTIFIER = com.adamtoennis.Photos;
				PRODUCT_NAME = "$(TARGET_NAME)";
				STRING_CATALOG_GENERATE_SYMBOLS = YES;
				SWIFT_APPROACHABLE_CONCURRENCY = YES;
				SWIFT_DEFAULT_ACTOR_ISOLATION = nonisolated;
				SWIFT_EMIT_LOC_STRINGS = YES;
				SWIFT_STRICT_CONCURRENCY = complete;
				SWIFT_UPCOMING_FEATURE_MEMBER_IMPORT_VISIBILITY = YES;
				SWIFT_VERSION = 5.0;
				TARGETED_DEVICE_FAMILY = "1,2";
			};
			name = Release;
		};
		660138B52EB3F76800E103AC /* Debug */ = {
			isa = XCBuildConfiguration;
			buildSettings = {
				BUNDLE_LOADER = "$(TEST_HOST)";
				CODE_SIGN_STYLE = Automatic;
				CURRENT_PROJECT_VERSION = 1;
				DEVELOPMENT_TEAM = YZKC8G97RB;
				GENERATE_INFOPLIST_FILE = YES;
				IPHONEOS_DEPLOYMENT_TARGET = 26.0;
				MARKETING_VERSION = 1.0;
				PRODUCT_BUNDLE_IDENTIFIER = com.adamtoennis.CatsTests;
				PRODUCT_NAME = "$(TARGET_NAME)";
				STRING_CATALOG_GENERATE_SYMBOLS = NO;
				SWIFT_APPROACHABLE_CONCURRENCY = YES;
				SWIFT_EMIT_LOC_STRINGS = NO;
				SWIFT_UPCOMING_FEATURE_MEMBER_IMPORT_VISIBILITY = YES;
				SWIFT_VERSION = 5.0;
				TARGETED_DEVICE_FAMILY = "1,2";
				TEST_HOST = "$(BUILT_PRODUCTS_DIR)/Photos.app/$(BUNDLE_EXECUTABLE_FOLDER_PATH)/Photos";
			};
			name = Debug;
		};
		660138B62EB3F76800E103AC /* Release */ = {
			isa = XCBuildConfiguration;
			buildSettings = {
				BUNDLE_LOADER = "$(TEST_HOST)";
				CODE_SIGN_STYLE = Automatic;
				CURRENT_PROJECT_VERSION = 1;
				DEVELOPMENT_TEAM = YZKC8G97RB;
				GENERATE_INFOPLIST_FILE = YES;
				IPHONEOS_DEPLOYMENT_TARGET = 26.0;
				MARKETING_VERSION = 1.0;
				PRODUCT_BUNDLE_IDENTIFIER = com.adamtoennis.CatsTests;
				PRODUCT_NAME = "$(TARGET_NAME)";
				STRING_CATALOG_GENERATE_SYMBOLS = NO;
				SWIFT_APPROACHABLE_CONCURRENCY = YES;
				SWIFT_EMIT_LOC_STRINGS = NO;
				SWIFT_UPCOMING_FEATURE_MEMBER_IMPORT_VISIBILITY = YES;
				SWIFT_VERSION = 5.0;
				TARGETED_DEVICE_FAMILY = "1,2";
				TEST_HOST = "$(BUILT_PRODUCTS_DIR)/Photos.app/$(BUNDLE_EXECUTABLE_FOLDER_PATH)/Photos";
			};
			name = Release;
		};
/* End XCBuildConfiguration section */

/* Begin XCConfigurationList section */
		6601388B2EB3F76600E103AC /* Build configuration list for PBXProject "Photos" */ = {
			isa = XCConfigurationList;
			buildConfigurations = (
				660138AF2EB3F76800E103AC /* Debug */,
				660138B02EB3F76800E103AC /* Release */,
			);
			defaultConfigurationIsVisible = 0;
			defaultConfigurationName = Release;
		};
		660138B12EB3F76800E103AC /* Build configuration list for PBXNativeTarget "Photos" */ = {
			isa = XCConfigurationList;
			buildConfigurations = (
				660138B22EB3F76800E103AC /* Debug */,
				660138B32EB3F76800E103AC /* Release */,
			);
			defaultConfigurationIsVisible = 0;
			defaultConfigurationName = Release;
		};
		660138B42EB3F76800E103AC /* Build configuration list for PBXNativeTarget "PhotosTests" */ = {
			isa = XCConfigurationList;
			buildConfigurations = (
				660138B52EB3F76800E103AC /* Debug */,
				660138B62EB3F76800E103AC /* Release */,
			);
			defaultConfigurationIsVisible = 0;
			defaultConfigurationName = Release;
		};
/* End XCConfigurationList section */

/* Begin XCRemoteSwiftPackageReference section */
		66NUKE0001EB95CA300E103AC /* XCRemoteSwiftPackageReference "Nuke" */ = {
			isa = XCRemoteSwiftPackageReference;
			repositoryURL = "https://github.com/kean/Nuke";
			requirement = {
				kind = upToNextMajorVersion;
				minimumVersion = 12.8.0;
			};
		};
/* End XCRemoteSwiftPackageReference section */

/* Begin XCSwiftPackageProductDependency section */
		66NUKE0011EB95CA300E103AC /* Nuke */ = {
			isa = XCSwiftPackageProductDependency;
			package = 66NUKE0001EB95CA300E103AC /* XCRemoteSwiftPackageReference "Nuke" */;
			productName = Nuke;
		};
		66NUKE0021EB95CA300E103AC /* NukeUI */ = {
			isa = XCSwiftPackageProductDependency;
			package = 66NUKE0001EB95CA300E103AC /* XCRemoteSwiftPackageReference "Nuke" */;
			productName = NukeUI;
		};
/* End XCSwiftPackageProductDependency section */
	};
	rootObject = 660138882EB3F76600E103AC /* Project object */;
}
